// !$*UTF8*$!
{
	archiveVersion = 1;
	classes = {
	};
	objectVersion = 50;
	objects = {

/* Begin PBXBuildFile section */
		6674217120A0AC41001705EC /* AppDelegate.swift in Sources */ = {isa = PBXBuildFile; fileRef = 6674217020A0AC41001705EC /* AppDelegate.swift */; };
		6674217620A0AC41001705EC /* Main.storyboard in Resources */ = {isa = PBXBuildFile; fileRef = 6674217420A0AC41001705EC /* Main.storyboard */; };
		6674217820A0AC43001705EC /* Assets.xcassets in Resources */ = {isa = PBXBuildFile; fileRef = 6674217720A0AC43001705EC /* Assets.xcassets */; };
		6674217B20A0AC43001705EC /* LaunchScreen.storyboard in Resources */ = {isa = PBXBuildFile; fileRef = 6674217920A0AC43001705EC /* LaunchScreen.storyboard */; };
		6674218620A0AC43001705EC /* Week5Tests.swift in Sources */ = {isa = PBXBuildFile; fileRef = 6674218520A0AC43001705EC /* Week5Tests.swift */; };
		6674219120A0AC43001705EC /* Week5UITests.swift in Sources */ = {isa = PBXBuildFile; fileRef = 6674219020A0AC43001705EC /* Week5UITests.swift */; };
		66F0DF2F20A0B9D800DB0E68 /* TripsViewController.swift in Sources */ = {isa = PBXBuildFile; fileRef = 66F0DF2E20A0B9D800DB0E68 /* TripsViewController.swift */; };
		66F0DF3120A0B9FD00DB0E68 /* TripDetailsViewController.swift in Sources */ = {isa = PBXBuildFile; fileRef = 66F0DF3020A0B9FD00DB0E68 /* TripDetailsViewController.swift */; };
		66F0DF3320A0BD5A00DB0E68 /* Trip.swift in Sources */ = {isa = PBXBuildFile; fileRef = 66F0DF3220A0BD5900DB0E68 /* Trip.swift */; };
/* End PBXBuildFile section */

/* Begin PBXContainerItemProxy section */
		6674218220A0AC43001705EC /* PBXContainerItemProxy */ = {
			isa = PBXContainerItemProxy;
			containerPortal = 6674216520A0AC40001705EC /* Project object */;
			proxyType = 1;
			remoteGlobalIDString = 6674216C20A0AC41001705EC;
			remoteInfo = Week5;
		};
		6674218D20A0AC43001705EC /* PBXContainerItemProxy */ = {
			isa = PBXContainerItemProxy;
			containerPortal = 6674216520A0AC40001705EC /* Project object */;
			proxyType = 1;
			remoteGlobalIDString = 6674216C20A0AC41001705EC;
			remoteInfo = Week5;
		};
/* End PBXContainerItemProxy section */

/* Begin PBXFileReference section */
		6674216D20A0AC41001705EC /* Week5.app */ = {isa = PBXFileReference; explicitFileType = wrapper.application; includeInIndex = 0; path = Week5.app; sourceTree = BUILT_PRODUCTS_DIR; };
		6674217020A0AC41001705EC /* AppDelegate.swift */ = {isa = PBXFileReference; lastKnownFileType = sourcecode.swift; path = AppDelegate.swift; sourceTree = "<group>"; };
		6674217520A0AC41001705EC /* Base */ = {isa = PBXFileReference; lastKnownFileType = file.storyboard; name = Base; path = Base.lproj/Main.storyboard; sourceTree = "<group>"; };
		6674217720A0AC43001705EC /* Assets.xcassets */ = {isa = PBXFileReference; lastKnownFileType = folder.assetcatalog; path = Assets.xcassets; sourceTree = "<group>"; };
		6674217A20A0AC43001705EC /* Base */ = {isa = PBXFileReference; lastKnownFileType = file.storyboard; name = Base; path = Base.lproj/LaunchScreen.storyboard; sourceTree = "<group>"; };
		6674217C20A0AC43001705EC /* Info.plist */ = {isa = PBXFileReference; lastKnownFileType = text.plist.xml; path = Info.plist; sourceTree = "<group>"; };
		6674218120A0AC43001705EC /* Week5Tests.xctest */ = {isa = PBXFileReference; explicitFileType = wrapper.cfbundle; includeInIndex = 0; path = Week5Tests.xctest; sourceTree = BUILT_PRODUCTS_DIR; };
		6674218520A0AC43001705EC /* Week5Tests.swift */ = {isa = PBXFileReference; lastKnownFileType = sourcecode.swift; path = Week5Tests.swift; sourceTree = "<group>"; };
		6674218720A0AC43001705EC /* Info.plist */ = {isa = PBXFileReference; lastKnownFileType = text.plist.xml; path = Info.plist; sourceTree = "<group>"; };
		6674218C20A0AC43001705EC /* Week5UITests.xctest */ = {isa = PBXFileReference; explicitFileType = wrapper.cfbundle; includeInIndex = 0; path = Week5UITests.xctest; sourceTree = BUILT_PRODUCTS_DIR; };
		6674219020A0AC43001705EC /* Week5UITests.swift */ = {isa = PBXFileReference; lastKnownFileType = sourcecode.swift; path = Week5UITests.swift; sourceTree = "<group>"; };
		6674219220A0AC43001705EC /* Info.plist */ = {isa = PBXFileReference; lastKnownFileType = text.plist.xml; path = Info.plist; sourceTree = "<group>"; };
		66F0DF2E20A0B9D800DB0E68 /* TripsViewController.swift */ = {isa = PBXFileReference; lastKnownFileType = sourcecode.swift; path = TripsViewController.swift; sourceTree = "<group>"; };
		66F0DF3020A0B9FD00DB0E68 /* TripDetailsViewController.swift */ = {isa = PBXFileReference; lastKnownFileType = sourcecode.swift; path = TripDetailsViewController.swift; sourceTree = "<group>"; };
		66F0DF3220A0BD5900DB0E68 /* Trip.swift */ = {isa = PBXFileReference; fileEncoding = 4; lastKnownFileType = sourcecode.swift; path = Trip.swift; sourceTree = "<group>"; };
/* End PBXFileReference section */

/* Begin PBXFrameworksBuildPhase section */
		6674216A20A0AC41001705EC /* Frameworks */ = {
			isa = PBXFrameworksBuildPhase;
			buildActionMask = 2147483647;
			files = (
			);
			runOnlyForDeploymentPostprocessing = 0;
		};
		6674217E20A0AC43001705EC /* Frameworks */ = {
			isa = PBXFrameworksBuildPhase;
			buildActionMask = 2147483647;
			files = (
			);
			runOnlyForDeploymentPostprocessing = 0;
		};
		6674218920A0AC43001705EC /* Frameworks */ = {
			isa = PBXFrameworksBuildPhase;
			buildActionMask = 2147483647;
			files = (
			);
			runOnlyForDeploymentPostprocessing = 0;
		};
/* End PBXFrameworksBuildPhase section */

/* Begin PBXGroup section */
		6674216420A0AC40001705EC = {
			isa = PBXGroup;
			children = (
				6674216F20A0AC41001705EC /* Week5 */,
				6674218420A0AC43001705EC /* Week5Tests */,
				6674218F20A0AC43001705EC /* Week5UITests */,
				6674216E20A0AC41001705EC /* Products */,
			);
			sourceTree = "<group>";
		};
		6674216E20A0AC41001705EC /* Products */ = {
			isa = PBXGroup;
			children = (
				6674216D20A0AC41001705EC /* Week5.app */,
				6674218120A0AC43001705EC /* Week5Tests.xctest */,
				6674218C20A0AC43001705EC /* Week5UITests.xctest */,
			);
			name = Products;
			sourceTree = "<group>";
		};
		6674216F20A0AC41001705EC /* Week5 */ = {
			isa = PBXGroup;
			children = (
				6674217020A0AC41001705EC /* AppDelegate.swift */,
				6674217420A0AC41001705EC /* Main.storyboard */,
				6674217720A0AC43001705EC /* Assets.xcassets */,
				6674217920A0AC43001705EC /* LaunchScreen.storyboard */,
				6674217C20A0AC43001705EC /* Info.plist */,
				66F0DF3220A0BD5900DB0E68 /* Trip.swift */,
				66F0DF2E20A0B9D800DB0E68 /* TripsViewController.swift */,
				66F0DF3020A0B9FD00DB0E68 /* TripDetailsViewController.swift */,
			);
			path = Week5;
			sourceTree = "<group>";
		};
		6674218420A0AC43001705EC /* Week5Tests */ = {
			isa = PBXGroup;
			children = (
				6674218520A0AC43001705EC /* Week5Tests.swift */,
				6674218720A0AC43001705EC /* Info.plist */,
			);
			path = Week5Tests;
			sourceTree = "<group>";
		};
		6674218F20A0AC43001705EC /* Week5UITests */ = {
			isa = PBXGroup;
			children = (
				6674219020A0AC43001705EC /* Week5UITests.swift */,
				6674219220A0AC43001705EC /* Info.plist */,
			);
			path = Week5UITests;
			sourceTree = "<group>";
		};
/* End PBXGroup section */

/* Begin PBXNativeTarget section */
		6674216C20A0AC41001705EC /* Week5 */ = {
			isa = PBXNativeTarget;
			buildConfigurationList = 6674219520A0AC43001705EC /* Build configuration list for PBXNativeTarget "Week5" */;
			buildPhases = (
				6674216920A0AC41001705EC /* Sources */,
				6674216A20A0AC41001705EC /* Frameworks */,
				6674216B20A0AC41001705EC /* Resources */,
			);
			buildRules = (
			);
			dependencies = (
			);
			name = Week5;
			productName = Week5;
			productReference = 6674216D20A0AC41001705EC /* Week5.app */;
			productType = "com.apple.product-type.application";
		};
		6674218020A0AC43001705EC /* Week5Tests */ = {
			isa = PBXNativeTarget;
			buildConfigurationList = 6674219820A0AC43001705EC /* Build configuration list for PBXNativeTarget "Week5Tests" */;
			buildPhases = (
				6674217D20A0AC43001705EC /* Sources */,
				6674217E20A0AC43001705EC /* Frameworks */,
				6674217F20A0AC43001705EC /* Resources */,
			);
			buildRules = (
			);
			dependencies = (
				6674218320A0AC43001705EC /* PBXTargetDependency */,
			);
			name = Week5Tests;
			productName = Week5Tests;
			productReference = 6674218120A0AC43001705EC /* Week5Tests.xctest */;
			productType = "com.apple.product-type.bundle.unit-test";
		};
		6674218B20A0AC43001705EC /* Week5UITests */ = {
			isa = PBXNativeTarget;
			buildConfigurationList = 6674219B20A0AC43001705EC /* Build configuration list for PBXNativeTarget "Week5UITests" */;
			buildPhases = (
				6674218820A0AC43001705EC /* Sources */,
				6674218920A0AC43001705EC /* Frameworks */,
				6674218A20A0AC43001705EC /* Resources */,
			);
			buildRules = (
			);
			dependencies = (
				6674218E20A0AC43001705EC /* PBXTargetDependency */,
			);
			name = Week5UITests;
			productName = Week5UITests;
			productReference = 6674218C20A0AC43001705EC /* Week5UITests.xctest */;
			productType = "com.apple.product-type.bundle.ui-testing";
		};
/* End PBXNativeTarget section */

/* Begin PBXProject section */
		6674216520A0AC40001705EC /* Project object */ = {
			isa = PBXProject;
			attributes = {
				LastSwiftUpdateCheck = 0930;
				LastUpgradeCheck = 0930;
				ORGANIZATIONNAME = "Deakin University";
				TargetAttributes = {
					6674216C20A0AC41001705EC = {
						CreatedOnToolsVersion = 9.3;
					};
					6674218020A0AC43001705EC = {
						CreatedOnToolsVersion = 9.3;
						TestTargetID = 6674216C20A0AC41001705EC;
					};
					6674218B20A0AC43001705EC = {
						CreatedOnToolsVersion = 9.3;
						TestTargetID = 6674216C20A0AC41001705EC;
					};
				};
			};
			buildConfigurationList = 6674216820A0AC40001705EC /* Build configuration list for PBXProject "Week5" */;
			compatibilityVersion = "Xcode 9.3";
			developmentRegion = en;
			hasScannedForEncodings = 0;
			knownRegions = (
				en,
				Base,
			);
			mainGroup = 6674216420A0AC40001705EC;
			productRefGroup = 6674216E20A0AC41001705EC /* Products */;
			projectDirPath = "";
			projectRoot = "";
			targets = (
				6674216C20A0AC41001705EC /* Week5 */,
				6674218020A0AC43001705EC /* Week5Tests */,
				6674218B20A0AC43001705EC /* Week5UITests */,
			);
		};
/* End PBXProject section */

/* Begin PBXResourcesBuildPhase section */
		6674216B20A0AC41001705EC /* Resources */ = {
			isa = PBXResourcesBuildPhase;
			buildActionMask = 2147483647;
			files = (
				6674217B20A0AC43001705EC /* LaunchScreen.storyboard in Resources */,
				6674217820A0AC43001705EC /* Assets.xcassets in Resources */,
				6674217620A0AC41001705EC /* Main.storyboard in Resources */,
			);
			runOnlyForDeploymentPostprocessing = 0;
		};
		6674217F20A0AC43001705EC /* Resources */ = {
			isa = PBXResourcesBuildPhase;
			buildActionMask = 2147483647;
			files = (
			);
			runOnlyForDeploymentPostprocessing = 0;
		};
		6674218A20A0AC43001705EC /* Resources */ = {
			isa = PBXResourcesBuildPhase;
			buildActionMask = 2147483647;
			files = (
			);
			runOnlyForDeploymentPostprocessing = 0;
		};
/* End PBXResourcesBuildPhase section */

/* Begin PBXSourcesBuildPhase section */
		6674216920A0AC41001705EC /* Sources */ = {
			isa = PBXSourcesBuildPhase;
			buildActionMask = 2147483647;
			files = (
				66F0DF3320A0BD5A00DB0E68 /* Trip.swift in Sources */,
				6674217120A0AC41001705EC /* AppDelegate.swift in Sources */,
				66F0DF2F20A0B9D800DB0E68 /* TripsViewController.swift in Sources */,
				66F0DF3120A0B9FD00DB0E68 /* TripDetailsViewController.swift in Sources */,
			);
			runOnlyForDeploymentPostprocessing = 0;
		};
		6674217D20A0AC43001705EC /* Sources */ = {
			isa = PBXSourcesBuildPhase;
			buildActionMask = 2147483647;
			files = (
				6674218620A0AC43001705EC /* Week5Tests.swift in Sources */,
			);
			runOnlyForDeploymentPostprocessing = 0;
		};
		6674218820A0AC43001705EC /* Sources */ = {
			isa = PBXSourcesBuildPhase;
			buildActionMask = 2147483647;
			files = (
				6674219120A0AC43001705EC /* Week5UITests.swift in Sources */,
			);
			runOnlyForDeploymentPostprocessing = 0;
		};
/* End PBXSourcesBuildPhase section */

/* Begin PBXTargetDependency section */
		6674218320A0AC43001705EC /* PBXTargetDependency */ = {
			isa = PBXTargetDependency;
			target = 6674216C20A0AC41001705EC /* Week5 */;
			targetProxy = 6674218220A0AC43001705EC /* PBXContainerItemProxy */;
		};
		6674218E20A0AC43001705EC /* PBXTargetDependency */ = {
			isa = PBXTargetDependency;
			target = 6674216C20A0AC41001705EC /* Week5 */;
			targetProxy = 6674218D20A0AC43001705EC /* PBXContainerItemProxy */;
		};
/* End PBXTargetDependency section */

/* Begin PBXVariantGroup section */
		6674217420A0AC41001705EC /* Main.storyboard */ = {
			isa = PBXVariantGroup;
			children = (
				6674217520A0AC41001705EC /* Base */,
			);
			name = Main.storyboard;
			sourceTree = "<group>";
		};
		6674217920A0AC43001705EC /* LaunchScreen.storyboard */ = {
			isa = PBXVariantGroup;
			children = (
				6674217A20A0AC43001705EC /* Base */,
			);
			name = LaunchScreen.storyboard;
			sourceTree = "<group>";
		};
/* End PBXVariantGroup section */

/* Begin XCBuildConfiguration section */
		6674219320A0AC43001705EC /* Debug */ = {
			isa = XCBuildConfiguration;
			buildSettings = {
				ALWAYS_SEARCH_USER_PATHS = NO;
				CLANG_ANALYZER_NONNULL = YES;
				CLANG_ANALYZER_NUMBER_OBJECT_CONVERSION = YES_AGGRESSIVE;
				CLANG_CXX_LANGUAGE_STANDARD = "gnu++14";
				CLANG_CXX_LIBRARY = "libc++";
				CLANG_ENABLE_MODULES = YES;
				CLANG_ENABLE_OBJC_ARC = YES;
				CLANG_ENABLE_OBJC_WEAK = YES;
				CLANG_WARN_BLOCK_CAPTURE_AUTORELEASING = YES;
				CLANG_WARN_BOOL_CONVERSION = YES;
				CLANG_WARN_COMMA = YES;
				CLANG_WARN_CONSTANT_CONVERSION = YES;
				CLANG_WARN_DEPRECATED_OBJC_IMPLEMENTATIONS = YES;
				CLANG_WARN_DIRECT_OBJC_ISA_USAGE = YES_ERROR;
				CLANG_WARN_DOCUMENTATION_COMMENTS = YES;
				CLANG_WARN_EMPTY_BODY = YES;
				CLANG_WARN_ENUM_CONVERSION = YES;
				CLANG_WARN_INFINITE_RECURSION = YES;
				CLANG_WARN_INT_CONVERSION = YES;
				CLANG_WARN_NON_LITERAL_NULL_CONVERSION = YES;
				CLANG_WARN_OBJC_IMPLICIT_RETAIN_SELF = YES;
				CLANG_WARN_OBJC_LITERAL_CONVERSION = YES;
				CLANG_WARN_OBJC_ROOT_CLASS = YES_ERROR;
				CLANG_WARN_RANGE_LOOP_ANALYSIS = YES;
				CLANG_WARN_STRICT_PROTOTYPES = YES;
				CLANG_WARN_SUSPICIOUS_MOVE = YES;
				CLANG_WARN_UNGUARDED_AVAILABILITY = YES_AGGRESSIVE;
				CLANG_WARN_UNREACHABLE_CODE = YES;
				CLANG_WARN__DUPLICATE_METHOD_MATCH = YES;
				CODE_SIGN_IDENTITY = "iPhone Developer";
				COPY_PHASE_STRIP = NO;
				DEBUG_INFORMATION_FORMAT = dwarf;
				ENABLE_STRICT_OBJC_MSGSEND = YES;
				ENABLE_TESTABILITY = YES;
				GCC_C_LANGUAGE_STANDARD = gnu11;
				GCC_DYNAMIC_NO_PIC = NO;
				GCC_NO_COMMON_BLOCKS = YES;
				GCC_OPTIMIZATION_LEVEL = 0;
				GCC_PREPROCESSOR_DEFINITIONS = (
					"DEBUG=1",
					"$(inherited)",
				);
				GCC_WARN_64_TO_32_BIT_CONVERSION = YES;
				GCC_WARN_ABOUT_RETURN_TYPE = YES_ERROR;
				GCC_WARN_UNDECLARED_SELECTOR = YES;
				GCC_WARN_UNINITIALIZED_AUTOS = YES_AGGRESSIVE;
				GCC_WARN_UNUSED_FUNCTION = YES;
				GCC_WARN_UNUSED_VARIABLE = YES;
				IPHONEOS_DEPLOYMENT_TARGET = 11.3;
				MTL_ENABLE_DEBUG_INFO = YES;
				ONLY_ACTIVE_ARCH = YES;
				SDKROOT = iphoneos;
				SWIFT_ACTIVE_COMPILATION_CONDITIONS = DEBUG;
				SWIFT_OPTIMIZATION_LEVEL = "-Onone";
			};
			name = Debug;
		};
		6674219420A0AC43001705EC /* Release */ = {
			isa = XCBuildConfiguration;
			buildSettings = {
				ALWAYS_SEARCH_USER_PATHS = NO;
				CLANG_ANALYZER_NONNULL = YES;
				CLANG_ANALYZER_NUMBER_OBJECT_CONVERSION = YES_AGGRESSIVE;
				CLANG_CXX_LANGUAGE_STANDARD = "gnu++14";
				CLANG_CXX_LIBRARY = "libc++";
				CLANG_ENABLE_MODULES = YES;
				CLANG_ENABLE_OBJC_ARC = YES;
				CLANG_ENABLE_OBJC_WEAK = YES;
				CLANG_WARN_BLOCK_CAPTURE_AUTORELEASING = YES;
				CLANG_WARN_BOOL_CONVERSION = YES;
				CLANG_WARN_COMMA = YES;
				CLANG_WARN_CONSTANT_CONVERSION = YES;
				CLANG_WARN_DEPRECATED_OBJC_IMPLEMENTATIONS = YES;
				CLANG_WARN_DIRECT_OBJC_ISA_USAGE = YES_ERROR;
				CLANG_WARN_DOCUMENTATION_COMMENTS = YES;
				CLANG_WARN_EMPTY_BODY = YES;
				CLANG_WARN_ENUM_CONVERSION = YES;
				CLANG_WARN_INFINITE_RECURSION = YES;
				CLANG_WARN_INT_CONVERSION = YES;
				CLANG_WARN_NON_LITERAL_NULL_CONVERSION = YES;
				CLANG_WARN_OBJC_IMPLICIT_RETAIN_SELF = YES;
				CLANG_WARN_OBJC_LITERAL_CONVERSION = YES;
				CLANG_WARN_OBJC_ROOT_CLASS = YES_ERROR;
				CLANG_WARN_RANGE_LOOP_ANALYSIS = YES;
				CLANG_WARN_STRICT_PROTOTYPES = YES;
				CLANG_WARN_SUSPICIOUS_MOVE = YES;
				CLANG_WARN_UNGUARDED_AVAILABILITY = YES_AGGRESSIVE;
				CLANG_WARN_UNREACHABLE_CODE = YES;
				CLANG_WARN__DUPLICATE_METHOD_MATCH = YES;
				CODE_SIGN_IDENTITY = "iPhone Developer";
				COPY_PHASE_STRIP = NO;
				DEBUG_INFORMATION_FORMAT = "dwarf-with-dsym";
				ENABLE_NS_ASSERTIONS = NO;
				ENABLE_STRICT_OBJC_MSGSEND = YES;
				GCC_C_LANGUAGE_STANDARD = gnu11;
				GCC_NO_COMMON_BLOCKS = YES;
				GCC_WARN_64_TO_32_BIT_CONVERSION = YES;
				GCC_WARN_ABOUT_RETURN_TYPE = YES_ERROR;
				GCC_WARN_UNDECLARED_SELECTOR = YES;
				GCC_WARN_UNINITIALIZED_AUTOS = YES_AGGRESSIVE;
				GCC_WARN_UNUSED_FUNCTION = YES;
				GCC_WARN_UNUSED_VARIABLE = YES;
				IPHONEOS_DEPLOYMENT_TARGET = 11.3;
				MTL_ENABLE_DEBUG_INFO = NO;
				SDKROOT = iphoneos;
				SWIFT_COMPILATION_MODE = wholemodule;
				SWIFT_OPTIMIZATION_LEVEL = "-O";
				VALIDATE_PRODUCT = YES;
			};
			name = Release;
		};
		6674219620A0AC43001705EC /* Debug */ = {
			isa = XCBuildConfiguration;
			buildSettings = {
				ASSETCATALOG_COMPILER_APPICON_NAME = AppIcon;
				CODE_SIGN_STYLE = Automatic;
				DEVELOPMENT_TEAM = 24SM6522LU;
				INFOPLIST_FILE = Week5/Info.plist;
				LD_RUNPATH_SEARCH_PATHS = (
					"$(inherited)",
					"@executable_path/Frameworks",
				);
				PRODUCT_BUNDLE_IDENTIFIER = Deakin.Week5;
				PRODUCT_NAME = "$(TARGET_NAME)";
				SWIFT_VERSION = 4.0;
				TARGETED_DEVICE_FAMILY = "1,2";
			};
			name = Debug;
		};
		6674219720A0AC43001705EC /* Release */ = {
			isa = XCBuildConfiguration;
			buildSettings = {
				ASSETCATALOG_COMPILER_APPICON_NAME = AppIcon;
				CODE_SIGN_STYLE = Automatic;
				DEVELOPMENT_TEAM = 24SM6522LU;
				INFOPLIST_FILE = Week5/Info.plist;
				LD_RUNPATH_SEARCH_PATHS = (
					"$(inherited)",
					"@executable_path/Frameworks",
				);
				PRODUCT_BUNDLE_IDENTIFIER = Deakin.Week5;
				PRODUCT_NAME = "$(TARGET_NAME)";
				SWIFT_VERSION = 4.0;
				TARGETED_DEVICE_FAMILY = "1,2";
			};
			name = Release;
		};
		6674219920A0AC43001705EC /* Debug */ = {
			isa = XCBuildConfiguration;
			buildSettings = {
				ALWAYS_EMBED_SWIFT_STANDARD_LIBRARIES = YES;
				BUNDLE_LOADER = "$(TEST_HOST)";
				CODE_SIGN_STYLE = Automatic;
				DEVELOPMENT_TEAM = 24SM6522LU;
				INFOPLIST_FILE = Week5Tests/Info.plist;
				LD_RUNPATH_SEARCH_PATHS = (
					"$(inherited)",
					"@executable_path/Frameworks",
					"@loader_path/Frameworks",
				);
				PRODUCT_BUNDLE_IDENTIFIER = Deakin.Week5Tests;
				PRODUCT_NAME = "$(TARGET_NAME)";
				SWIFT_VERSION = 4.0;
				TARGETED_DEVICE_FAMILY = "1,2";
				TEST_HOST = "$(BUILT_PRODUCTS_DIR)/Week5.app/Week5";
			};
			name = Debug;
		};
		6674219A20A0AC43001705EC /* Release */ = {
			isa = XCBuildConfiguration;
			buildSettings = {
				ALWAYS_EMBED_SWIFT_STANDARD_LIBRARIES = YES;
				BUNDLE_LOADER = "$(TEST_HOST)";
				CODE_SIGN_STYLE = Automatic;
				DEVELOPMENT_TEAM = 24SM6522LU;
				INFOPLIST_FILE = Week5Tests/Info.plist;
				LD_RUNPATH_SEARCH_PATHS = (
					"$(inherited)",
					"@executable_path/Frameworks",
					"@loader_path/Frameworks",
				);
				PRODUCT_BUNDLE_IDENTIFIER = Deakin.Week5Tests;
				PRODUCT_NAME = "$(TARGET_NAME)";
				SWIFT_VERSION = 4.0;
				TARGETED_DEVICE_FAMILY = "1,2";
				TEST_HOST = "$(BUILT_PRODUCTS_DIR)/Week5.app/Week5";
			};
			name = Release;
		};
		6674219C20A0AC43001705EC /* Debug */ = {
			isa = XCBuildConfiguration;
			buildSettings = {
				ALWAYS_EMBED_SWIFT_STANDARD_LIBRARIES = YES;
				CODE_SIGN_STYLE = Automatic;
				DEVELOPMENT_TEAM = 24SM6522LU;
				INFOPLIST_FILE = Week5UITests/Info.plist;
				LD_RUNPATH_SEARCH_PATHS = (
					"$(inherited)",
					"@executable_path/Frameworks",
					"@loader_path/Frameworks",
				);
				PRODUCT_BUNDLE_IDENTIFIER = Deakin.Week5UITests;
				PRODUCT_NAME = "$(TARGET_NAME)";
				SWIFT_VERSION = 4.0;
				TARGETED_DEVICE_FAMILY = "1,2";
				TEST_TARGET_NAME = Week5;
			};
			name = Debug;
		};
		6674219D20A0AC43001705EC /* Release */ = {
			isa = XCBuildConfiguration;
			buildSettings = {
				ALWAYS_EMBED_SWIFT_STANDARD_LIBRARIES = YES;
				CODE_SIGN_STYLE = Automatic;
				DEVELOPMENT_TEAM = 24SM6522LU;
				INFOPLIST_FILE = Week5UITests/Info.plist;
				LD_RUNPATH_SEARCH_PATHS = (
					"$(inherited)",
					"@executable_path/Frameworks",
					"@loader_path/Frameworks",
				);
				PRODUCT_BUNDLE_IDENTIFIER = Deakin.Week5UITests;
				PRODUCT_NAME = "$(TARGET_NAME)";
				SWIFT_VERSION = 4.0;
				TARGETED_DEVICE_FAMILY = "1,2";
				TEST_TARGET_NAME = Week5;
			};
			name = Release;
		};
/* End XCBuildConfiguration section */

/* Begin XCConfigurationList section */
		6674216820A0AC40001705EC /* Build configuration list for PBXProject "Week5" */ = {
			isa = XCConfigurationList;
			buildConfigurations = (
				6674219320A0AC43001705EC /* Debug */,
				6674219420A0AC43001705EC /* Release */,
			);
			defaultConfigurationIsVisible = 0;
			defaultConfigurationName = Release;
		};
		6674219520A0AC43001705EC /* Build configuration list for PBXNativeTarget "Week5" */ = {
			isa = XCConfigurationList;
			buildConfigurations = (
				6674219620A0AC43001705EC /* Debug */,
				6674219720A0AC43001705EC /* Release */,
			);
			defaultConfigurationIsVisible = 0;
			defaultConfigurationName = Release;
		};
		6674219820A0AC43001705EC /* Build configuration list for PBXNativeTarget "Week5Tests" */ = {
			isa = XCConfigurationList;
			buildConfigurations = (
				6674219920A0AC43001705EC /* Debug */,
				6674219A20A0AC43001705EC /* Release */,
			);
			defaultConfigurationIsVisible = 0;
			defaultConfigurationName = Release;
		};
		6674219B20A0AC43001705EC /* Build configuration list for PBXNativeTarget "Week5UITests" */ = {
			isa = XCConfigurationList;
			buildConfigurations = (
				6674219C20A0AC43001705EC /* Debug */,
				6674219D20A0AC43001705EC /* Release */,
			);
			defaultConfigurationIsVisible = 0;
			defaultConfigurationName = Release;
		};
/* End XCConfigurationList section */
	};
	rootObject = 6674216520A0AC40001705EC /* Project object */;
}
